{
  "requires": true,
  "lockfileVersion": 1,
  "dependencies": {
    "abbrev": {
      "version": "1.1.1",
      "resolved": "https://registry.npmjs.org/abbrev/-/abbrev-1.1.1.tgz",
      "integrity": "sha512-nne9/IiQ/hzIhY6pdDnbBtz7DjPTKrY00P/zvPSm5pOFkl6xuGrGnXn/VtTNNfNtAfZ9/1RtehkszU9qcTii0Q=="
    },
    "algoliasearch-helper": {
      "version": "2.28.1",
      "resolved": "https://registry.npmjs.org/algoliasearch-helper/-/algoliasearch-helper-2.28.1.tgz",
      "integrity": "sha512-4yg3anWdILD6ZJ/GxWmtu4HgxauSemhSqbe9Cx6SFdPzaMHrccew4IDomMeQlz9RHJwRgi5sEeX//jx2H/PaWg==",
      "requires": {
        "events": "^1.1.1",
        "lodash": "^4.17.5",
        "qs": "^6.5.1"
      }
    },
    "at.js": {
      "version": "1.5.4",
      "resolved": "https://registry.npmjs.org/at.js/-/at.js-1.5.4.tgz",
      "integrity": "sha512-G8mgUb/PqShPoH8AyjuxsTGvIr1o716BtQUKDM44C8qN2W615y7KGJ68MlTGamd0J0D/m28emUkzagaHTdrGZw=="
    },
    "axios": {
      "version": "0.15.3",
      "resolved": "https://registry.npmjs.org/axios/-/axios-0.15.3.tgz",
      "integrity": "sha1-LJ1jiy4ZGgjqHWzJiOrda6W9wFM=",
      "dev": true,
      "requires": {
        "follow-redirects": "1.0.0"
      }
    },
    "bootstrap-sass": {
      "version": "3.4.1",
      "resolved": "https://registry.npmjs.org/bootstrap-sass/-/bootstrap-sass-3.4.1.tgz",
      "integrity": "sha512-p5rxsK/IyEDQm2CwiHxxUi0MZZtvVFbhWmyMOt4lLkA4bujDA1TGoKT0i1FKIWiugAdP+kK8T5KMDFIKQCLYIA==",
      "dev": true
    },
    "classnames": {
      "version": "2.2.6",
      "resolved": "https://registry.npmjs.org/classnames/-/classnames-2.2.6.tgz",
      "integrity": "sha512-JR/iSQOSt+LQIWwrwEzJ9uk0xfN3mTVYMwt1Ir5mUcSN6pU+V4zQFFaJsclJbPuAUQH+yfWef6tm7l1quW3C8Q=="
    },
    "cross-env": {
      "version": "3.2.4",
      "resolved": "https://registry.npmjs.org/cross-env/-/cross-env-3.2.4.tgz",
      "integrity": "sha1-ngWF8neGTtQhznVvgamA/w1piro=",
      "dev": true,
      "requires": {
        "cross-spawn": "^5.1.0",
        "is-windows": "^1.0.0"
      }
    },
    "cross-spawn": {
      "version": "5.1.0",
      "resolved": "https://registry.npmjs.org/cross-spawn/-/cross-spawn-5.1.0.tgz",
      "integrity": "sha1-6L0O/uWPz/b4+UUQoKVUu/ojVEk=",
      "dev": true,
      "requires": {
        "lru-cache": "^4.0.1",
        "shebang-command": "^1.2.0",
        "which": "^1.2.9"
      }
    },
    "debug": {
      "version": "2.6.9",
      "resolved": "https://registry.npmjs.org/debug/-/debug-2.6.9.tgz",
      "integrity": "sha512-bC7ElrdJaJnPbAP+1EotYvqZsb3ecl5wi6Bfi6BJTUcNowp6cvspg0jXznRTKDjm/E7AdgFBVeAPVMNcKGsHMA==",
      "dev": true,
      "requires": {
        "ms": "2.0.0"
      }
    },
    "define-properties": {
      "version": "1.1.3",
      "resolved": "https://registry.npmjs.org/define-properties/-/define-properties-1.1.3.tgz",
      "integrity": "sha512-3MqfYKj2lLzdMSf8ZIZE/V+Zuy+BgD6f164e8K2w7dgnpKArBDerGYpM46IYYcjnkdPNMjPk9A6VFB8+3SKlXQ==",
      "requires": {
        "object-keys": "^1.0.12"
      }
    },
    "events": {
      "version": "1.1.1",
      "resolved": "https://registry.npmjs.org/events/-/events-1.1.1.tgz",
      "integrity": "sha1-nr23Y1rQmccNzEwqH1AEKI6L2SQ="
    },
    "follow-redirects": {
      "version": "1.0.0",
      "resolved": "https://registry.npmjs.org/follow-redirects/-/follow-redirects-1.0.0.tgz",
      "integrity": "sha1-jjQpjL0uF28lTv/sdaHHjMhJ/Tc=",
      "dev": true,
      "requires": {
        "debug": "^2.2.0"
      }
    },
    "function-bind": {
      "version": "1.1.1",
      "resolved": "https://registry.npmjs.org/function-bind/-/function-bind-1.1.1.tgz",
      "integrity": "sha512-yIovAzMX49sF8Yl58fSCWJ5svSLuaibPxXQJFLmBObTuCr0Mf1KiPopGM9NiFjiYBCbfaa2Fh6breQ6ANVTI0A=="
    },
    "has-symbols": {
      "version": "1.0.1",
      "resolved": "https://registry.npmjs.org/has-symbols/-/has-symbols-1.0.1.tgz",
      "integrity": "sha512-PLcsoqu++dmEIZB+6totNFKq/7Do+Z0u4oT0zKOJNl3lYK6vGwwu2hjHs+68OEZbTjiUE9bgOABXbP/GvrS0Kg=="
    },
    "hogan.js": {
      "version": "3.0.2",
      "resolved": "https://registry.npmjs.org/hogan.js/-/hogan.js-3.0.2.tgz",
      "integrity": "sha1-TNnhq9QpQUbnZ55B14mHMrAse/0=",
      "requires": {
        "mkdirp": "0.3.0",
        "nopt": "1.0.10"
      }
    },
    "immutability-helper": {
      "version": "2.9.1",
      "resolved": "https://registry.npmjs.org/immutability-helper/-/immutability-helper-2.9.1.tgz",
      "integrity": "sha512-r/RmRG8xO06s/k+PIaif2r5rGc3j4Yhc01jSBfwPCXDLYZwp/yxralI37Df1mwmuzcCsen/E/ITKcTEvc1PQmQ==",
      "requires": {
        "invariant": "^2.2.0"
      }
    },
    "instantsearch.js": {
      "version": "3.7.0",
      "resolved": "https://registry.npmjs.org/instantsearch.js/-/instantsearch.js-3.7.0.tgz",
      "integrity": "sha512-Hkj72CP/Du7uR6R8N2IXo/JHiGU9Z/DwDbQcvRaLKWGd3fc4WjQpl1QPB2OUsoM0Ym0Zv1xjyYTmuU1VvGdySw==",
      "requires": {
        "algoliasearch-helper": "^2.26.0",
        "classnames": "^2.2.5",
        "events": "^1.1.0",
        "hogan.js": "^3.0.2",
        "preact": "^8.3.0",
        "preact-compat": "^3.18.0",
        "preact-rheostat": "^2.1.1",
        "prop-types": "^15.5.10",
        "qs": "^6.5.1"
      }
    },
    "invariant": {
      "version": "2.2.4",
      "resolved": "https://registry.npmjs.org/invariant/-/invariant-2.2.4.tgz",
      "integrity": "sha512-phJfQVBuaJM5raOpJjSfkiD6BpbCE4Ns//LaXl6wGYtUBY83nWS6Rf9tXm2e8VaK60JEjYldbPif/A2B1C2gNA==",
      "requires": {
        "loose-envify": "^1.0.0"
      }
    },
    "is-windows": {
      "version": "1.0.2",
      "resolved": "https://registry.npmjs.org/is-windows/-/is-windows-1.0.2.tgz",
      "integrity": "sha512-eXK1UInq2bPmjyX6e3VHIzMLobc4J94i4AWn+Hpq3OU5KkrRC96OAcR3PRJ/pGu6m8TRnBHP9dkXQVsT/COVIA==",
      "dev": true
    },
    "isexe": {
      "version": "2.0.0",
      "resolved": "https://registry.npmjs.org/isexe/-/isexe-2.0.0.tgz",
      "integrity": "sha1-6PvzdNxVb/iUehDcsFctYz8s+hA=",
      "dev": true
    },
    "jquery": {
      "version": "3.4.1",
      "resolved": "https://registry.npmjs.org/jquery/-/jquery-3.4.1.tgz",
      "integrity": "sha512-36+AdBzCL+y6qjw5Tx7HgzeGCzC81MDDgaUP8ld2zhx58HdqXGoBd+tHdrBMiyjGQs0Hxs/MLZTu/eHNJJuWPw==",
      "dev": true
    },
    "jquery.caret": {
      "version": "0.3.1",
      "resolved": "https://registry.npmjs.org/jquery.caret/-/jquery.caret-0.3.1.tgz",
      "integrity": "sha1-nAkzGPrzJ+/zIugmyp8yQTaLx7g="
    },
    "js-tokens": {
      "version": "4.0.0",
      "resolved": "https://registry.npmjs.org/js-tokens/-/js-tokens-4.0.0.tgz",
      "integrity": "sha512-RdJUflcE3cUzKiMqQgsCu06FPu9UdIJO0beYbPhHN4k6apgJtifcoCtT9bcxOpYBtpD2kCM6Sbzg4CausW/PKQ=="
    },
    "lodash": {
      "version": "4.17.15",
      "resolved": "https://registry.npmjs.org/lodash/-/lodash-4.17.15.tgz",
      "integrity": "sha512-8xOcRHvCjnocdS5cpwXQXVzmmh5e5+saE2QGoeQmbKmRS6J3VQppPOIt0MnmE+4xlZoumy0GPG0D0MVIQbNA1A=="
    },
    "loose-envify": {
      "version": "1.4.0",
      "resolved": "https://registry.npmjs.org/loose-envify/-/loose-envify-1.4.0.tgz",
      "integrity": "sha512-lyuxPGr/Wfhrlem2CL/UcnUc1zcqKAImBDzukY7Y5F/yQiNdko6+fRLevlw1HgMySw7f611UIY408EtxRSoK3Q==",
      "requires": {
        "js-tokens": "^3.0.0 || ^4.0.0"
      }
    },
    "lru-cache": {
      "version": "4.1.5",
      "resolved": "https://registry.npmjs.org/lru-cache/-/lru-cache-4.1.5.tgz",
      "integrity": "sha512-sWZlbEP2OsHNkXrMl5GYk/jKk70MBng6UU4YI/qGDYbgf6YbP4EvmqISbXCoJiRKs+1bSpFHVgQxvJ17F2li5g==",
      "dev": true,
      "requires": {
        "pseudomap": "^1.0.2",
        "yallist": "^2.1.2"
      }
    },
    "mkdirp": {
      "version": "0.3.0",
      "resolved": "https://registry.npmjs.org/mkdirp/-/mkdirp-0.3.0.tgz",
      "integrity": "sha1-G79asbqCevI1dRQ0kEJkVfSB/h4="
    },
    "moment": {
      "version": "2.24.0",
      "resolved": "https://registry.npmjs.org/moment/-/moment-2.24.0.tgz",
      "integrity": "sha512-bV7f+6l2QigeBBZSM/6yTNq4P2fNpSWj/0e7jQcy87A8e7o2nAfP/34/2ky5Vw4B9S446EtIhodAzkFCcR4dQg=="
    },
    "ms": {
      "version": "2.0.0",
      "resolved": "https://registry.npmjs.org/ms/-/ms-2.0.0.tgz",
      "integrity": "sha1-VgiurfwAvmwpAd9fmGF4jeDVl8g=",
      "dev": true
    },
    "nopt": {
      "version": "1.0.10",
      "resolved": "https://registry.npmjs.org/nopt/-/nopt-1.0.10.tgz",
      "integrity": "sha1-bd0hvSoxQXuScn3Vhfim83YI6+4=",
      "requires": {
        "abbrev": "1"
      }
    },
    "object-assign": {
      "version": "4.1.1",
      "resolved": "https://registry.npmjs.org/object-assign/-/object-assign-4.1.1.tgz",
      "integrity": "sha1-IQmtx5ZYh8/AXLvUQsrIv7s2CGM="
    },
    "object-keys": {
      "version": "1.1.1",
      "resolved": "https://registry.npmjs.org/object-keys/-/object-keys-1.1.1.tgz",
      "integrity": "sha512-NuAESUOUMrlIXOfHKzD6bpPu3tYt3xvjNdRIQ+FeT0lNb4K8WR70CaDxhuNguS2XG+GjkyMwOzsN5ZktImfhLA=="
    },
    "object.assign": {
      "version": "4.1.0",
      "resolved": "https://registry.npmjs.org/object.assign/-/object.assign-4.1.0.tgz",
      "integrity": "sha512-exHJeq6kBKj58mqGyTQ9DFvrZC/eR6OwxzoM9YRoGBqrXYonaFyGiFMuc9VZrXf7DarreEwMpurG3dd+CNyW5w==",
      "requires": {
        "define-properties": "^1.1.2",
        "function-bind": "^1.1.1",
        "has-symbols": "^1.0.0",
        "object-keys": "^1.0.11"
      }
    },
    "preact": {
      "version": "8.5.3",
      "resolved": "https://registry.npmjs.org/preact/-/preact-8.5.3.tgz",
      "integrity": "sha512-O3kKP+1YdgqHOFsZF2a9JVdtqD+RPzCQc3rP+Ualf7V6rmRDchZ9MJbiGTT7LuyqFKZqlHSOyO/oMFmI2lVTsw=="
    },
    "preact-compat": {
      "version": "3.19.0",
      "resolved": "https://registry.npmjs.org/preact-compat/-/preact-compat-3.19.0.tgz",
      "integrity": "sha512-f83A4hIhH8Uzhb9GbIcGk8SM19ffWlwP9mDaYwQdRnMdekZwcCA7eIAbeV4EMQaV9C0Yuy8iKgBAtyTKPZQt/Q==",
      "requires": {
        "immutability-helper": "^2.7.1",
        "preact-context": "^1.1.3",
        "preact-render-to-string": "^3.8.2",
        "preact-transition-group": "^1.1.1",
        "prop-types": "^15.6.2",
        "standalone-react-addons-pure-render-mixin": "^0.1.1"
      }
    },
    "preact-context": {
      "version": "1.1.4",
      "resolved": "https://registry.npmjs.org/preact-context/-/preact-context-1.1.4.tgz",
      "integrity": "sha512-gcCjPJ65R0MiW9hDu8W/3WAmyTElIvwLyEO6oLQiM6/TbLKLxCpBCWV8GJjx52TTEyUr60HLDcmoCXZlslelzQ=="
    },
    "preact-render-to-string": {
      "version": "3.8.2",
      "resolved": "https://registry.npmjs.org/preact-render-to-string/-/preact-render-to-string-3.8.2.tgz",
      "integrity": "sha512-przuZPajiurStGgxMoJP0EJeC4xj5CgHv+M7GfF3YxAdhGgEWAkhOSE0xympAFN20uMayntBZpttIZqqLl77fw==",
      "requires": {
        "pretty-format": "^3.5.1"
      }
    },
    "preact-rheostat": {
      "version": "2.1.1",
      "resolved": "https://registry.npmjs.org/preact-rheostat/-/preact-rheostat-2.1.1.tgz",
      "integrity": "sha512-d03JgkpbjknALYl+zfNiJQ60sFd4A0YjnLCe/DB+rqKQck7jXpsW9RqSN0R50/lV8fEezhVCjq2WMPDDOKmwaA==",
      "requires": {
        "object.assign": "^4.0.4",
        "preact": "^8.2.5",
        "preact-compat": "^3.17.0",
        "prop-types": "^15.5.10"
      }
    },
    "preact-transition-group": {
      "version": "1.1.1",
      "resolved": "https://registry.npmjs.org/preact-transition-group/-/preact-transition-group-1.1.1.tgz",
      "integrity": "sha1-8KSTJ+pRXs406ivoZMSn0p5dbhA="
    },
    "pretty-format": {
      "version": "3.8.0",
      "resolved": "https://registry.npmjs.org/pretty-format/-/pretty-format-3.8.0.tgz",
      "integrity": "sha1-v77VbV6ad2ZF9LH/eqGjrE+jw4U="
    },
    "prop-types": {
      "version": "15.7.2",
      "resolved": "https://registry.npmjs.org/prop-types/-/prop-types-15.7.2.tgz",
      "integrity": "sha512-8QQikdH7//R2vurIJSutZ1smHYTcLpRWEOlHnzcWHmBYrOGUysKwSsrC89BCiFj3CbrfJ/nXFdJepOVrY1GCHQ==",
      "requires": {
        "loose-envify": "^1.4.0",
        "object-assign": "^4.1.1",
        "react-is": "^16.8.1"
      }
    },
    "pseudomap": {
      "version": "1.0.2",
      "resolved": "https://registry.npmjs.org/pseudomap/-/pseudomap-1.0.2.tgz",
      "integrity": "sha1-8FKijacOYYkX7wqKw0wa5aaChrM=",
      "dev": true
    },
    "qs": {
      "version": "6.9.1",
      "resolved": "https://registry.npmjs.org/qs/-/qs-6.9.1.tgz",
      "integrity": "sha512-Cxm7/SS/y/Z3MHWSxXb8lIFqgqBowP5JMlTUFyJN88y0SGQhVmZnqFK/PeuMX9LzUyWsqqhNxIyg0jlzq946yA=="
    },
    "react-is": {
      "version": "16.12.0",
      "resolved": "https://registry.npmjs.org/react-is/-/react-is-16.12.0.tgz",
      "integrity": "sha512-rPCkf/mWBtKc97aLL9/txD8DZdemK0vkA3JMLShjlJB3Pj3s+lpf1KaBzMfQrAmhMQB0n1cU/SUGgKKBCe837Q=="
    },
    "shebang-command": {
      "version": "1.2.0",
      "resolved": "https://registry.npmjs.org/shebang-command/-/shebang-command-1.2.0.tgz",
      "integrity": "sha1-RKrGW2lbAzmJaMOfNj/uXer98eo=",
      "dev": true,
      "requires": {
        "shebang-regex": "^1.0.0"
      }
    },
    "shebang-regex": {
      "version": "1.0.0",
      "resolved": "https://registry.npmjs.org/shebang-regex/-/shebang-regex-1.0.0.tgz",
      "integrity": "sha1-2kL0l0DAtC2yypcoVxyxkMmO/qM=",
      "dev": true
    },
    "standalone-react-addons-pure-render-mixin": {
      "version": "0.1.1",
      "resolved": "https://registry.npmjs.org/standalone-react-addons-pure-render-mixin/-/standalone-react-addons-pure-render-mixin-0.1.1.tgz",
      "integrity": "sha1-PHQJ9MecQN6axyxhbPZ5qZTzdVE="
    },
    "trix": {
      "version": "1.2.2",
      "resolved": "https://registry.npmjs.org/trix/-/trix-1.2.2.tgz",
      "integrity": "sha512-xNWwKDa1PG5do/qV3FRESXjM17U5ACB9Ih+x4mylLYfAgmYYTA17ExVdrrA7vCJ5J9nS1tVZFyhVTPgPTtIFVg=="
    },
    "vue": {
      "version": "2.6.10",
      "resolved": "https://registry.npmjs.org/vue/-/vue-2.6.10.tgz",
      "integrity": "sha512-ImThpeNU9HbdZL3utgMCq0oiMzAkt1mcgy3/E6zWC/G6AaQoeuFdsl9nDhTDU3X1R6FK7nsIUuRACVcjI+A2GQ==",
      "dev": true
    },
    "vue-instantsearch": {
      "version": "2.6.0",
      "resolved": "https://registry.npmjs.org/vue-instantsearch/-/vue-instantsearch-2.6.0.tgz",
      "integrity": "sha512-P1jcGEtwn61QuirswY5SOWR/Mbm1kegNKXuOn6UuDhnrGRgp2EModGBabgUNWR8cpLUYwunvfOJKFJbynephxA==",
      "requires": {
        "algoliasearch-helper": "^2.26.1",
        "instantsearch.js": "^3.6.0"
      }
    },
    "which": {
      "version": "1.3.1",
      "resolved": "https://registry.npmjs.org/which/-/which-1.3.1.tgz",
      "integrity": "sha512-HxJdYWq1MTIQbJ3nw0cqssHoTNU267KlrDuGZ1WYlxDStUtKUhOaJmh112/TZmHxxUfuJqPXSOm7tDyas0OSIQ==",
      "dev": true,
      "requires": {
        "isexe": "^2.0.0"
      }
    },
    "yallist": {
      "version": "2.1.2",
      "resolved": "https://registry.npmjs.org/yallist/-/yallist-2.1.2.tgz",
      "integrity": "sha1-HBH5IY8HYImkfdUS+TxmmaaoHVI=",
      "dev": true
    }
  }
}
